PackratFormat: 1.4
PackratVersion: 0.4.6.1
RVersion: 3.2.2
Repos: CRAN=https://cran.rstudio.com/

Package: R6
Source: CRAN
Version: 2.1.2
Hash: c515e41c73294952cbb33ee1c1be5a2d

Package: RColorBrewer
Source: CRAN
Version: 1.1-2
Hash: c0d56cd15034f395874c870141870c25

Package: RJSONIO
Source: CRAN
Version: 1.3-0
Hash: fb672e20eb6f3010a3639f855d8ef6de

Package: Rcpp
Source: CRAN
Version: 0.12.3
Hash: 11ace6a9a186c17a42e0fa2c49af1223

Package: base64enc
Source: CRAN
Version: 0.1-3
Hash: c590d29e555926af053055e23ee79efb

Package: bitops
Source: CRAN
Version: 1.0-6
Hash: 67d0775189fd0041d95abca618c5c07e

Package: bnlearn
Source: CRAN
Version: 3.9
Hash: 68f2cede96f83a26b92316bd672cdb2b

Package: caTools
Source: CRAN
Version: 1.17.1
Hash: 97cb6f6293cd18d17df77a6383cc6763
Requires: bitops

Package: colorspace
Source: CRAN
Version: 1.2-6
Hash: 00bb12245cd975c450cc4a960884fa15

Package: d3heatmap
Source: CRAN
Version: 0.6.1
Hash: d5d22f0d19230a03961ff841e45a031a
Requires: base64enc, dendextend, htmlwidgets, png, scales

Package: dendextend
Source: CRAN
Version: 1.1.8
Hash: 23add9f8b14b07e316563efff793b9ff
Requires: magrittr, whisker

Package: dichromat
Source: CRAN
Version: 2.0-0
Hash: 08eed0c80510af29bb15f840ccfe37ce

Package: digest
Source: CRAN
Version: 0.6.9
Hash: fd55d5a024f160fc001a5ece1e27782d

Package: htmltools
Source: CRAN
Version: 0.3
Hash: 7ccc01f4d22d73d0d9b0d2a7781e7ff6
Requires: digest

Package: htmlwidgets
Source: CRAN
Version: 0.5
Hash: 0aa33e8666baac6fcff4e376789b9c2e
Requires: htmltools, jsonlite, yaml

Package: httpuv
Source: CRAN
Version: 1.3.3
Hash: d440b2e539ccef77b9105051291a7628
Requires: Rcpp

Package: jsonlite
Source: CRAN
Version: 0.9.19
Hash: 4a983f753b6e88ae0f5a6ac152d8cc32

Package: labeling
Source: CRAN
Version: 0.3
Hash: ecf589b42cd284b03a4beb9665482d3e

Package: lattice
Source: CRAN
Version: 0.20-33
Hash: d7158cf4e63e8c12cb227738076b37d8

Package: magrittr
Source: CRAN
Version: 1.5
Hash: bdc4d48c3135e8f3b399536ddf160df4

Package: mime
Source: CRAN
Version: 0.4
Hash: b08c52dae92a0a11e64a4deea032ec33

Package: munsell
Source: CRAN
Version: 0.4.3
Hash: f96d896947fcaf9b6d0074002e9f4f9d
Requires: colorspace

Package: networkD3
Source: CRAN
Version: 0.2.8
Hash: edce1d6f899f12e5ec689766f3b5d54a
Requires: htmlwidgets

Package: packrat
Source: CRAN
Version: 0.4.6-1
Hash: 29eacc43b096c5b1a82c8d54a49b030b

Package: plyr
Source: CRAN
Version: 1.8.3
Hash: e38fe93fa50135fac98421abb43bbfea
Requires: Rcpp

Package: png
Source: CRAN
Version: 0.1-7
Hash: 421d7d6e0fb4bd885ecbd909b6456b8b

Package: rhandsontable
Source: CRAN
Version: 0.3
Hash: 3fe91fbe225ffabf5d9655e6e3473958
Requires: htmlwidgets, jsonlite, magrittr

Package: scales
Source: CRAN
Version: 0.3.0
Hash: 9c140be1bda3cf690f8714cfc810aa45
Requires: RColorBrewer, Rcpp, dichromat, labeling, munsell, plyr

Package: shiny
Source: CRAN
Version: 0.13.1
Hash: a4c82c31676563094608d7b5b6495088
Requires: R6, digest, htmltools, httpuv, jsonlite, mime, xtable

Package: shinydashboard
Source: CRAN
Version: 0.5.1
Hash: 3d9eaa2d45febd7c1237f93a4c7c210d
Requires: htmltools, shiny

Package: whisker
Source: CRAN
Version: 0.3-2
Hash: 803d662762e532705c2c066a82d066e7

Package: xtable
Source: CRAN
Version: 1.8-2
Hash: 7293235cfcc14cdff1ce7fd1a0212031

Package: yaml
Source: CRAN
Version: 2.1.13
Hash: 4854ccabebc225e8a7309fb4a74980de
